// !$*UTF8*$!
{
	archiveVersion = 1;
	classes = {
	};
	objectVersion = 56;
	objects = {

/* Begin PBXBuildFile section */
		8CC877CD2A97D0AC00A1492D /* SettingsView.swift in Sources */ = {isa = PBXBuildFile; fileRef = 8CC877CC2A97D0AC00A1492D /* SettingsView.swift */; };
		8CC877CF2A99F47300A1492D /* CustomListRowView.swift in Sources */ = {isa = PBXBuildFile; fileRef = 8CC877CE2A99F47300A1492D /* CustomListRowView.swift */; };
		8CF813F72A921FC8002A7107 /* HikeApp.swift in Sources */ = {isa = PBXBuildFile; fileRef = 8CF813F62A921FC8002A7107 /* HikeApp.swift */; };
		8CF813F92A921FC8002A7107 /* ContentView.swift in Sources */ = {isa = PBXBuildFile; fileRef = 8CF813F82A921FC8002A7107 /* ContentView.swift */; };
		8CF813FB2A921FC9002A7107 /* Assets.xcassets in Resources */ = {isa = PBXBuildFile; fileRef = 8CF813FA2A921FC9002A7107 /* Assets.xcassets */; };
		8CF813FE2A921FC9002A7107 /* Preview Assets.xcassets in Resources */ = {isa = PBXBuildFile; fileRef = 8CF813FD2A921FC9002A7107 /* Preview Assets.xcassets */; };
		8CF814052A9221A9002A7107 /* CardView.swift in Sources */ = {isa = PBXBuildFile; fileRef = 8CF814042A9221A9002A7107 /* CardView.swift */; };
		8CF814082A922336002A7107 /* CustomBackgroundView.swift in Sources */ = {isa = PBXBuildFile; fileRef = 8CF814072A922336002A7107 /* CustomBackgroundView.swift */; };
		8CF8140B2A922500002A7107 /* ColorExtension.swift in Sources */ = {isa = PBXBuildFile; fileRef = 8CF8140A2A922500002A7107 /* ColorExtension.swift */; };
		8CF8140D2A922C7D002A7107 /* CustomButtonView.swift in Sources */ = {isa = PBXBuildFile; fileRef = 8CF8140C2A922C7D002A7107 /* CustomButtonView.swift */; };
		8CF8140F2A92359F002A7107 /* GradientButtonStyle.swift in Sources */ = {isa = PBXBuildFile; fileRef = 8CF8140E2A92359F002A7107 /* GradientButtonStyle.swift */; };
		8CF814112A92747D002A7107 /* CustomCircleView.swift in Sources */ = {isa = PBXBuildFile; fileRef = 8CF814102A92747D002A7107 /* CustomCircleView.swift */; };
		8CF814132A927707002A7107 /* MotionAnimationView.swift in Sources */ = {isa = PBXBuildFile; fileRef = 8CF814122A927707002A7107 /* MotionAnimationView.swift */; };
/* End PBXBuildFile section */

/* Begin PBXFileReference section */
		8CC877CC2A97D0AC00A1492D /* SettingsView.swift */ = {isa = PBXFileReference; lastKnownFileType = sourcecode.swift; path = SettingsView.swift; sourceTree = "<group>"; };
		8CC877CE2A99F47300A1492D /* CustomListRowView.swift */ = {isa = PBXFileReference; lastKnownFileType = sourcecode.swift; path = CustomListRowView.swift; sourceTree = "<group>"; };
		8CF813F32A921FC8002A7107 /* Hike.app */ = {isa = PBXFileReference; explicitFileType = wrapper.application; includeInIndex = 0; path = Hike.app; sourceTree = BUILT_PRODUCTS_DIR; };
		8CF813F62A921FC8002A7107 /* HikeApp.swift */ = {isa = PBXFileReference; lastKnownFileType = sourcecode.swift; path = HikeApp.swift; sourceTree = "<group>"; };
		8CF813F82A921FC8002A7107 /* ContentView.swift */ = {isa = PBXFileReference; lastKnownFileType = sourcecode.swift; path = ContentView.swift; sourceTree = "<group>"; };
		8CF813FA2A921FC9002A7107 /* Assets.xcassets */ = {isa = PBXFileReference; lastKnownFileType = folder.assetcatalog; path = Assets.xcassets; sourceTree = "<group>"; };
		8CF813FD2A921FC9002A7107 /* Preview Assets.xcassets */ = {isa = PBXFileReference; lastKnownFileType = folder.assetcatalog; path = "Preview Assets.xcassets"; sourceTree = "<group>"; };
		8CF814042A9221A9002A7107 /* CardView.swift */ = {isa = PBXFileReference; lastKnownFileType = sourcecode.swift; path = CardView.swift; sourceTree = "<group>"; };
		8CF814072A922336002A7107 /* CustomBackgroundView.swift */ = {isa = PBXFileReference; lastKnownFileType = sourcecode.swift; path = CustomBackgroundView.swift; sourceTree = "<group>"; };
		8CF8140A2A922500002A7107 /* ColorExtension.swift */ = {isa = PBXFileReference; lastKnownFileType = sourcecode.swift; path = ColorExtension.swift; sourceTree = "<group>"; };
		8CF8140C2A922C7D002A7107 /* CustomButtonView.swift */ = {isa = PBXFileReference; lastKnownFileType = sourcecode.swift; path = CustomButtonView.swift; sourceTree = "<group>"; };
		8CF8140E2A92359F002A7107 /* GradientButtonStyle.swift */ = {isa = PBXFileReference; lastKnownFileType = sourcecode.swift; path = GradientButtonStyle.swift; sourceTree = "<group>"; };
		8CF814102A92747D002A7107 /* CustomCircleView.swift */ = {isa = PBXFileReference; lastKnownFileType = sourcecode.swift; path = CustomCircleView.swift; sourceTree = "<group>"; };
		8CF814122A927707002A7107 /* MotionAnimationView.swift */ = {isa = PBXFileReference; lastKnownFileType = sourcecode.swift; path = MotionAnimationView.swift; sourceTree = "<group>"; };
/* End PBXFileReference section */

/* Begin PBXFrameworksBuildPhase section */
		8CF813F02A921FC8002A7107 /* Frameworks */ = {
			isa = PBXFrameworksBuildPhase;
			buildActionMask = 2147483647;
			files = (
			);
			runOnlyForDeploymentPostprocessing = 0;
		};
/* End PBXFrameworksBuildPhase section */

/* Begin PBXGroup section */
		8CC877CB2A97D09E00A1492D /* Screen */ = {
			isa = PBXGroup;
			children = (
				8CF813F82A921FC8002A7107 /* ContentView.swift */,
				8CC877CC2A97D0AC00A1492D /* SettingsView.swift */,
			);
			path = Screen;
			sourceTree = "<group>";
		};
		8CF813EA2A921FC8002A7107 = {
			isa = PBXGroup;
			children = (
				8CF813F52A921FC8002A7107 /* Hike */,
				8CF813F42A921FC8002A7107 /* Products */,
			);
			sourceTree = "<group>";
		};
		8CF813F42A921FC8002A7107 /* Products */ = {
			isa = PBXGroup;
			children = (
				8CF813F32A921FC8002A7107 /* Hike.app */,
			);
			name = Products;
			sourceTree = "<group>";
		};
		8CF813F52A921FC8002A7107 /* Hike */ = {
			isa = PBXGroup;
			children = (
				8CF814092A9224EC002A7107 /* Utility */,
				8CF813F62A921FC8002A7107 /* HikeApp.swift */,
				8CC877CB2A97D09E00A1492D /* Screen */,
				8CF813FA2A921FC9002A7107 /* Assets.xcassets */,
				8CF813FC2A921FC9002A7107 /* Preview Content */,
				8CF814062A92231F002A7107 /* Component */,
			);
			path = Hike;
			sourceTree = "<group>";
		};
		8CF813FC2A921FC9002A7107 /* Preview Content */ = {
			isa = PBXGroup;
			children = (
				8CF813FD2A921FC9002A7107 /* Preview Assets.xcassets */,
			);
			path = "Preview Content";
			sourceTree = "<group>";
		};
		8CF814062A92231F002A7107 /* Component */ = {
			isa = PBXGroup;
			children = (
				8CF814042A9221A9002A7107 /* CardView.swift */,
				8CF814072A922336002A7107 /* CustomBackgroundView.swift */,
				8CF8140C2A922C7D002A7107 /* CustomButtonView.swift */,
				8CF814102A92747D002A7107 /* CustomCircleView.swift */,
				8CF814122A927707002A7107 /* MotionAnimationView.swift */,
				8CC877CE2A99F47300A1492D /* CustomListRowView.swift */,
			);
			path = Component;
			sourceTree = "<group>";
		};
		8CF814092A9224EC002A7107 /* Utility */ = {
			isa = PBXGroup;
			children = (
				8CF8140A2A922500002A7107 /* ColorExtension.swift */,
				8CF8140E2A92359F002A7107 /* GradientButtonStyle.swift */,
			);
			path = Utility;
			sourceTree = "<group>";
		};
/* End PBXGroup section */

/* Begin PBXNativeTarget section */
		8CF813F22A921FC8002A7107 /* Hike */ = {
			isa = PBXNativeTarget;
			buildConfigurationList = 8CF814012A921FC9002A7107 /* Build configuration list for PBXNativeTarget "Hike" */;
			buildPhases = (
				8CF813EF2A921FC8002A7107 /* Sources */,
				8CF813F02A921FC8002A7107 /* Frameworks */,
				8CF813F12A921FC8002A7107 /* Resources */,
			);
			buildRules = (
			);
			dependencies = (
			);
			name = Hike;
			productName = Hike;
			productReference = 8CF813F32A921FC8002A7107 /* Hike.app */;
			productType = "com.apple.product-type.application";
		};
/* End PBXNativeTarget section */

/* Begin PBXProject section */
		8CF813EB2A921FC8002A7107 /* Project object */ = {
			isa = PBXProject;
			attributes = {
				BuildIndependentTargetsInParallel = 1;
				LastSwiftUpdateCheck = 1430;
				LastUpgradeCheck = 1430;
				TargetAttributes = {
					8CF813F22A921FC8002A7107 = {
						CreatedOnToolsVersion = 14.3.1;
					};
				};
			};
			buildConfigurationList = 8CF813EE2A921FC8002A7107 /* Build configuration list for PBXProject "Hike" */;
			compatibilityVersion = "Xcode 14.0";
			developmentRegion = en;
			hasScannedForEncodings = 0;
			knownRegions = (
				en,
				Base,
			);
			mainGroup = 8CF813EA2A921FC8002A7107;
			productRefGroup = 8CF813F42A921FC8002A7107 /* Products */;
			projectDirPath = "";
			projectRoot = "";
			targets = (
				8CF813F22A921FC8002A7107 /* Hike */,
			);
		};
/* End PBXProject section */

/* Begin PBXResourcesBuildPhase section */
		8CF813F12A921FC8002A7107 /* Resources */ = {
			isa = PBXResourcesBuildPhase;
			buildActionMask = 2147483647;
			files = (
				8CF813FE2A921FC9002A7107 /* Preview Assets.xcassets in Resources */,
				8CF813FB2A921FC9002A7107 /* Assets.xcassets in Resources */,
			);
			runOnlyForDeploymentPostprocessing = 0;
		};
/* End PBXResourcesBuildPhase section */

/* Begin PBXSourcesBuildPhase section */
		8CF813EF2A921FC8002A7107 /* Sources */ = {
			isa = PBXSourcesBuildPhase;
			buildActionMask = 2147483647;
			files = (
				8CF813F92A921FC8002A7107 /* ContentView.swift in Sources */,
				8CF814112A92747D002A7107 /* CustomCircleView.swift in Sources */,
				8CC877CF2A99F47300A1492D /* CustomListRowView.swift in Sources */,
				8CF814052A9221A9002A7107 /* CardView.swift in Sources */,
				8CF813F72A921FC8002A7107 /* HikeApp.swift in Sources */,
				8CF8140D2A922C7D002A7107 /* CustomButtonView.swift in Sources */,
				8CC877CD2A97D0AC00A1492D /* SettingsView.swift in Sources */,
				8CF8140F2A92359F002A7107 /* GradientButtonStyle.swift in Sources */,
				8CF814132A927707002A7107 /* MotionAnimationView.swift in Sources */,
				8CF814082A922336002A7107 /* CustomBackgroundView.swift in Sources */,
				8CF8140B2A922500002A7107 /* ColorExtension.swift in Sources */,
			);
			runOnlyForDeploymentPostprocessing = 0;
		};
/* End PBXSourcesBuildPhase section */

/* Begin XCBuildConfiguration section */
		8CF813FF2A921FC9002A7107 /* Debug */ = {
			isa = XCBuildConfiguration;
			buildSettings = {
				ALWAYS_SEARCH_USER_PATHS = NO;
				CLANG_ANALYZER_NONNULL = YES;
				CLANG_ANALYZER_NUMBER_OBJECT_CONVERSION = YES_AGGRESSIVE;
				CLANG_CXX_LANGUAGE_STANDARD = "gnu++20";
				CLANG_ENABLE_MODULES = YES;
				CLANG_ENABLE_OBJC_ARC = YES;
				CLANG_ENABLE_OBJC_WEAK = YES;
				CLANG_WARN_BLOCK_CAPTURE_AUTORELEASING = YES;
				CLANG_WARN_BOOL_CONVERSION = YES;
				CLANG_WARN_COMMA = YES;
				CLANG_WARN_CONSTANT_CONVERSION = YES;
				CLANG_WARN_DEPRECATED_OBJC_IMPLEMENTATIONS = YES;
				CLANG_WARN_DIRECT_OBJC_ISA_USAGE = YES_ERROR;
				CLANG_WARN_DOCUMENTATION_COMMENTS = YES;
				CLANG_WARN_EMPTY_BODY = YES;
				CLANG_WARN_ENUM_CONVERSION = YES;
				CLANG_WARN_INFINITE_RECURSION = YES;
				CLANG_WARN_INT_CONVERSION = YES;
				CLANG_WARN_NON_LITERAL_NULL_CONVERSION = YES;
				CLANG_WARN_OBJC_IMPLICIT_RETAIN_SELF = YES;
				CLANG_WARN_OBJC_LITERAL_CONVERSION = YES;
				CLANG_WARN_OBJC_ROOT_CLASS = YES_ERROR;
				CLANG_WARN_QUOTED_INCLUDE_IN_FRAMEWORK_HEADER = YES;
				CLANG_WARN_RANGE_LOOP_ANALYSIS = YES;
				CLANG_WARN_STRICT_PROTOTYPES = YES;
				CLANG_WARN_SUSPICIOUS_MOVE = YES;
				CLANG_WARN_UNGUARDED_AVAILABILITY = YES_AGGRESSIVE;
				CLANG_WARN_UNREACHABLE_CODE = YES;
				CLANG_WARN__DUPLICATE_METHOD_MATCH = YES;
				COPY_PHASE_STRIP = NO;
				DEBUG_INFORMATION_FORMAT = dwarf;
				ENABLE_STRICT_OBJC_MSGSEND = YES;
				ENABLE_TESTABILITY = YES;
				GCC_C_LANGUAGE_STANDARD = gnu11;
				GCC_DYNAMIC_NO_PIC = NO;
				GCC_NO_COMMON_BLOCKS = YES;
				GCC_OPTIMIZATION_LEVEL = 0;
				GCC_PREPROCESSOR_DEFINITIONS = (
					"DEBUG=1",
					"$(inherited)",
				);
				GCC_WARN_64_TO_32_BIT_CONVERSION = YES;
				GCC_WARN_ABOUT_RETURN_TYPE = YES_ERROR;
				GCC_WARN_UNDECLARED_SELECTOR = YES;
				GCC_WARN_UNINITIALIZED_AUTOS = YES_AGGRESSIVE;
				GCC_WARN_UNUSED_FUNCTION = YES;
				GCC_WARN_UNUSED_VARIABLE = YES;
				IPHONEOS_DEPLOYMENT_TARGET = 16.4;
				MTL_ENABLE_DEBUG_INFO = INCLUDE_SOURCE;
				MTL_FAST_MATH = YES;
				ONLY_ACTIVE_ARCH = YES;
				SDKROOT = iphoneos;
				SWIFT_ACTIVE_COMPILATION_CONDITIONS = DEBUG;
				SWIFT_OPTIMIZATION_LEVEL = "-Onone";
			};
			name = Debug;
		};
		8CF814002A921FC9002A7107 /* Release */ = {
			isa = XCBuildConfiguration;
			buildSettings = {
				ALWAYS_SEARCH_USER_PATHS = NO;
				CLANG_ANALYZER_NONNULL = YES;
				CLANG_ANALYZER_NUMBER_OBJECT_CONVERSION = YES_AGGRESSIVE;
				CLANG_CXX_LANGUAGE_STANDARD = "gnu++20";
				CLANG_ENABLE_MODULES = YES;
				CLANG_ENABLE_OBJC_ARC = YES;
				CLANG_ENABLE_OBJC_WEAK = YES;
				CLANG_WARN_BLOCK_CAPTURE_AUTORELEASING = YES;
				CLANG_WARN_BOOL_CONVERSION = YES;
				CLANG_WARN_COMMA = YES;
				CLANG_WARN_CONSTANT_CONVERSION = YES;
				CLANG_WARN_DEPRECATED_OBJC_IMPLEMENTATIONS = YES;
				CLANG_WARN_DIRECT_OBJC_ISA_USAGE = YES_ERROR;
				CLANG_WARN_DOCUMENTATION_COMMENTS = YES;
				CLANG_WARN_EMPTY_BODY = YES;
				CLANG_WARN_ENUM_CONVERSION = YES;
				CLANG_WARN_INFINITE_RECURSION = YES;
				CLANG_WARN_INT_CONVERSION = YES;
				CLANG_WARN_NON_LITERAL_NULL_CONVERSION = YES;
				CLANG_WARN_OBJC_IMPLICIT_RETAIN_SELF = YES;
				CLANG_WARN_OBJC_LITERAL_CONVERSION = YES;
				CLANG_WARN_OBJC_ROOT_CLASS = YES_ERROR;
				CLANG_WARN_QUOTED_INCLUDE_IN_FRAMEWORK_HEADER = YES;
				CLANG_WARN_RANGE_LOOP_ANALYSIS = YES;
				CLANG_WARN_STRICT_PROTOTYPES = YES;
				CLANG_WARN_SUSPICIOUS_MOVE = YES;
				CLANG_WARN_UNGUARDED_AVAILABILITY = YES_AGGRESSIVE;
				CLANG_WARN_UNREACHABLE_CODE = YES;
				CLANG_WARN__DUPLICATE_METHOD_MATCH = YES;
				COPY_PHASE_STRIP = NO;
				DEBUG_INFORMATION_FORMAT = "dwarf-with-dsym";
				ENABLE_NS_ASSERTIONS = NO;
				ENABLE_STRICT_OBJC_MSGSEND = YES;
				GCC_C_LANGUAGE_STANDARD = gnu11;
				GCC_NO_COMMON_BLOCKS = YES;
				GCC_WARN_64_TO_32_BIT_CONVERSION = YES;
				GCC_WARN_ABOUT_RETURN_TYPE = YES_ERROR;
				GCC_WARN_UNDECLARED_SELECTOR = YES;
				GCC_WARN_UNINITIALIZED_AUTOS = YES_AGGRESSIVE;
				GCC_WARN_UNUSED_FUNCTION = YES;
				GCC_WARN_UNUSED_VARIABLE = YES;
				IPHONEOS_DEPLOYMENT_TARGET = 16.4;
				MTL_ENABLE_DEBUG_INFO = NO;
				MTL_FAST_MATH = YES;
				SDKROOT = iphoneos;
				SWIFT_COMPILATION_MODE = wholemodule;
				SWIFT_OPTIMIZATION_LEVEL = "-O";
				VALIDATE_PRODUCT = YES;
			};
			name = Release;
		};
		8CF814022A921FC9002A7107 /* Debug */ = {
			isa = XCBuildConfiguration;
			buildSettings = {
				ASSETCATALOG_COMPILER_ALTERNATE_APPICON_NAMES = "AppIcon-Backpack AppIcon-Camera AppIcon-Mushroom AppIcon-Map AppIcon-MagnifyingGlass AppIcon-Campfire";
				ASSETCATALOG_COMPILER_APPICON_NAME = AppIcon;
				ASSETCATALOG_COMPILER_GLOBAL_ACCENT_COLOR_NAME = AccentColor;
				ASSETCATALOG_COMPILER_INCLUDE_ALL_APPICON_ASSETS = YES;
				CODE_SIGN_STYLE = Automatic;
				CURRENT_PROJECT_VERSION = 1;
				DEVELOPMENT_ASSET_PATHS = "\"Hike/Preview Content\"";
				ENABLE_PREVIEWS = YES;
				GENERATE_INFOPLIST_FILE = YES;
				INFOPLIST_KEY_UIApplicationSceneManifest_Generation = YES;
				INFOPLIST_KEY_UIApplicationSupportsIndirectInputEvents = YES;
				INFOPLIST_KEY_UILaunchScreen_Generation = YES;
				INFOPLIST_KEY_UISupportedInterfaceOrientations_iPad = "UIInterfaceOrientationPortrait UIInterfaceOrientationPortraitUpsideDown UIInterfaceOrientationLandscapeLeft UIInterfaceOrientationLandscapeRight";
				INFOPLIST_KEY_UISupportedInterfaceOrientations_iPhone = "UIInterfaceOrientationPortrait UIInterfaceOrientationLandscapeLeft UIInterfaceOrientationLandscapeRight";
				LD_RUNPATH_SEARCH_PATHS = (
					"$(inherited)",
					"@executable_path/Frameworks",
				);
				MARKETING_VERSION = 1.0;
				PRODUCT_BUNDLE_IDENTIFIER = com.codeNinja.Hike;
				PRODUCT_NAME = "$(TARGET_NAME)";
				SWIFT_EMIT_LOC_STRINGS = YES;
				SWIFT_VERSION = 5.0;
				TARGETED_DEVICE_FAMILY = "1,2";
			};
			name = Debug;
		};
		8CF814032A921FC9002A7107 /* Release */ = {
			isa = XCBuildConfiguration;
			buildSettings = {
				ASSETCATALOG_COMPILER_ALTERNATE_APPICON_NAMES = "AppIcon-Backpack AppIcon-Camera AppIcon-Mushroom AppIcon-Map AppIcon-MagnifyingGlass AppIcon-Campfire";
				ASSETCATALOG_COMPILER_APPICON_NAME = AppIcon;
				ASSETCATALOG_COMPILER_GLOBAL_ACCENT_COLOR_NAME = AccentColor;
				ASSETCATALOG_COMPILER_INCLUDE_ALL_APPICON_ASSETS = YES;
				CODE_SIGN_STYLE = Automatic;
				CURRENT_PROJECT_VERSION = 1;
				DEVELOPMENT_ASSET_PATHS = "\"Hike/Preview Content\"";
				ENABLE_PREVIEWS = YES;
				GENERATE_INFOPLIST_FILE = YES;
				INFOPLIST_KEY_UIApplicationSceneManifest_Generation = YES;
				INFOPLIST_KEY_UIApplicationSupportsIndirectInputEvents = YES;
				INFOPLIST_KEY_UILaunchScreen_Generation = YES;
				INFOPLIST_KEY_UISupportedInterfaceOrientations_iPad = "UIInterfaceOrientationPortrait UIInterfaceOrientationPortraitUpsideDown UIInterfaceOrientationLandscapeLeft UIInterfaceOrientationLandscapeRight";
				INFOPLIST_KEY_UISupportedInterfaceOrientations_iPhone = "UIInterfaceOrientationPortrait UIInterfaceOrientationLandscapeLeft UIInterfaceOrientationLandscapeRight";
				LD_RUNPATH_SEARCH_PATHS = (
					"$(inherited)",
					"@executable_path/Frameworks",
				);
				MARKETING_VERSION = 1.0;
				PRODUCT_BUNDLE_IDENTIFIER = com.codeNinja.Hike;
				PRODUCT_NAME = "$(TARGET_NAME)";
				SWIFT_EMIT_LOC_STRINGS = YES;
				SWIFT_VERSION = 5.0;
				TARGETED_DEVICE_FAMILY = "1,2";
			};
			name = Release;
		};
/* End XCBuildConfiguration section */

/* Begin XCConfigurationList section */
		8CF813EE2A921FC8002A7107 /* Build configuration list for PBXProject "Hike" */ = {
			isa = XCConfigurationList;
			buildConfigurations = (
				8CF813FF2A921FC9002A7107 /* Debug */,
				8CF814002A921FC9002A7107 /* Release */,
			);
			defaultConfigurationIsVisible = 0;
			defaultConfigurationName = Release;
		};
		8CF814012A921FC9002A7107 /* Build configuration list for PBXNativeTarget "Hike" */ = {
			isa = XCConfigurationList;
			buildConfigurations = (
				8CF814022A921FC9002A7107 /* Debug */,
				8CF814032A921FC9002A7107 /* Release */,
			);
			defaultConfigurationIsVisible = 0;
			defaultConfigurationName = Release;
		};
/* End XCConfigurationList section */
	};
	rootObject = 8CF813EB2A921FC8002A7107 /* Project object */;
}
